<Solution>
  <Folder Name="/bench/">
    <Project Path="bench/RedisNearCache.Bench/RedisNearCache.Bench.csproj" />
  </Folder>
  <Folder Name="/samples/">
    <Project Path="samples/MinimalApi/MinimalApi.csproj" />
    <Project Path="samples/Worker/Worker.csproj" />
  </Folder>
  <Folder Name="/src/">
    <Project Path="src/RedisNearCache.HybridCache/RedisNearCache.HybridCache.csproj" />
    <Project Path="src/RedisNearCache/RedisNearCache.csproj" />
  </Folder>
  <Folder Name="/tests/">
    <Project Path="tests/RedisNearCache.Tests/RedisNearCache.Tests.csproj" />
  </Folder>
</Solution>
